
Microsoft Visual Studio Solution File, Format Version 12.00
# Visual Studio Version 16
VisualStudioVersion = 16.0.31313.79
MinimumVisualStudioVersion = 10.0.40219.1
Project("{FAE04EC0-301F-11D3-BF4B-00C04F79EFBC}") = "final410728117", "final410728117\final410728117.csproj", "{54401804-1343-4918-BB03-1D28C0953E3D}"
EndProject
Global
	GlobalSection(SolutionConfigurationPlatforms) = preSolution
		Debug|Any CPU = Debug|Any CPU
		Release|Any CPU = Release|Any CPU
	EndGlobalSection
	GlobalSection(ProjectConfigurationPlatforms) = postSolution
		{54401804-1343-4918-BB03-1D28C0953E3D}.Debug|Any CPU.ActiveCfg = Debug|Any CPU
		{54401804-1343-4918-BB03-1D28C0953E3D}.Debug|Any CPU.Build.0 = Debug|Any CPU
		{54401804-1343-4918-BB03-1D28C0953E3D}.Release|Any CPU.ActiveCfg = Release|Any CPU
		{54401804-1343-4918-BB03-1D28C0953E3D}.Release|Any CPU.Build.0 = Release|Any CPU
	EndGlobalSection
	GlobalSection(SolutionProperties) = preSolution
		HideSolutionNode = FALSE
	EndGlobalSection
	GlobalSection(ExtensibilityGlobals) = postSolution
		SolutionGuid = {77587851-5B74-43BC-9836-6A7C9DFBF4B9}
	EndGlobalSection
EndGlobal
